
Microsoft Visual Studio Solution File, Format Version 12.00
# Visual Studio 15
VisualStudioVersion = 15.0.27130.2026
MinimumVisualStudioVersion = 10.0.40219.1
Project("{8BC9CEB8-8B4A-11D0-8D11-00A0C91BC942}") = "Calculator", "Calculator\Calculator.vcxproj", "{F1A4915D-50AF-4966-9761-B234387ECCBD}"
EndProject
Global
	GlobalSection(SolutionConfigurationPlatforms) = preSolution
		Debug|x64 = Debug|x64
		Debug|x86 = Debug|x86
		Release|x64 = Release|x64
		Release|x86 = Release|x86
	EndGlobalSection
	GlobalSection(ProjectConfigurationPlatforms) = postSolution
		{F1A4915D-50AF-4966-9761-B234387ECCBD}.Debug|x64.ActiveCfg = Debug|x64
		{F1A4915D-50AF-4966-9761-B234387ECCBD}.Debug|x64.Build.0 = Debug|x64
		{F1A4915D-50AF-4966-9761-B234387ECCBD}.Debug|x86.ActiveCfg = Debug|Win32
		{F1A4915D-50AF-4966-9761-B234387ECCBD}.Debug|x86.Build.0 = Debug|Win32
		{F1A4915D-50AF-4966-9761-B234387ECCBD}.Release|x64.ActiveCfg = Release|x64
		{F1A4915D-50AF-4966-9761-B234387ECCBD}.Release|x64.Build.0 = Release|x64
		{F1A4915D-50AF-4966-9761-B234387ECCBD}.Release|x86.ActiveCfg = Release|Win32
		{F1A4915D-50AF-4966-9761-B234387ECCBD}.Release|x86.Build.0 = Release|Win32
	EndGlobalSection
	GlobalSection(SolutionProperties) = preSolution
		HideSolutionNode = FALSE
	EndGlobalSection
	GlobalSection(ExtensibilityGlobals) = postSolution
		SolutionGuid = {C8B9AB13-DA42-4030-A98F-9105B9CBBE58}
	EndGlobalSection
EndGlobal
